
Microsoft Visual Studio Solution File, Format Version 12.00
# Visual Studio 2013
VisualStudioVersion = 12.0.21005.1
MinimumVisualStudioVersion = 10.0.40219.1
Project("{B1E792BE-AA5F-4E3C-8C82-674BF9C0715B}") = "Queue", "Queue\Queue.tsproj", "{0405C0EF-2E73-478C-B029-D6E8EEEB4EF0}"
EndProject
Global
	GlobalSection(SolutionConfigurationPlatforms) = preSolution
		Debug|TwinCAT CE7 (ARMV7) = Debug|TwinCAT CE7 (ARMV7)
		Debug|TwinCAT RT (x64) = Debug|TwinCAT RT (x64)
		Debug|TwinCAT RT (x86) = Debug|TwinCAT RT (x86)
		Release|TwinCAT CE7 (ARMV7) = Release|TwinCAT CE7 (ARMV7)
		Release|TwinCAT RT (x64) = Release|TwinCAT RT (x64)
		Release|TwinCAT RT (x86) = Release|TwinCAT RT (x86)
	EndGlobalSection
	GlobalSection(ProjectConfigurationPlatforms) = postSolution
		{0405C0EF-2E73-478C-B029-D6E8EEEB4EF0}.Debug|TwinCAT CE7 (ARMV7).ActiveCfg = Debug|TwinCAT CE7 (ARMV7)
		{0405C0EF-2E73-478C-B029-D6E8EEEB4EF0}.Debug|TwinCAT CE7 (ARMV7).Build.0 = Debug|TwinCAT CE7 (ARMV7)
		{0405C0EF-2E73-478C-B029-D6E8EEEB4EF0}.Debug|TwinCAT RT (x64).ActiveCfg = Debug|TwinCAT RT (x64)
		{0405C0EF-2E73-478C-B029-D6E8EEEB4EF0}.Debug|TwinCAT RT (x64).Build.0 = Debug|TwinCAT RT (x64)
		{0405C0EF-2E73-478C-B029-D6E8EEEB4EF0}.Debug|TwinCAT RT (x86).ActiveCfg = Debug|TwinCAT RT (x86)
		{0405C0EF-2E73-478C-B029-D6E8EEEB4EF0}.Debug|TwinCAT RT (x86).Build.0 = Debug|TwinCAT RT (x86)
		{0405C0EF-2E73-478C-B029-D6E8EEEB4EF0}.Release|TwinCAT CE7 (ARMV7).ActiveCfg = Release|TwinCAT CE7 (ARMV7)
		{0405C0EF-2E73-478C-B029-D6E8EEEB4EF0}.Release|TwinCAT CE7 (ARMV7).Build.0 = Release|TwinCAT CE7 (ARMV7)
		{0405C0EF-2E73-478C-B029-D6E8EEEB4EF0}.Release|TwinCAT RT (x64).ActiveCfg = Release|TwinCAT RT (x64)
		{0405C0EF-2E73-478C-B029-D6E8EEEB4EF0}.Release|TwinCAT RT (x64).Build.0 = Release|TwinCAT RT (x64)
		{0405C0EF-2E73-478C-B029-D6E8EEEB4EF0}.Release|TwinCAT RT (x86).ActiveCfg = Release|TwinCAT RT (x86)
		{0405C0EF-2E73-478C-B029-D6E8EEEB4EF0}.Release|TwinCAT RT (x86).Build.0 = Release|TwinCAT RT (x86)
		{A26D8B6F-FD86-4D01-8D12-0831B2EC6FB0}.Debug|TwinCAT CE7 (ARMV7).ActiveCfg = Debug|TwinCAT CE7 (ARMV7)
		{A26D8B6F-FD86-4D01-8D12-0831B2EC6FB0}.Debug|TwinCAT CE7 (ARMV7).Build.0 = Debug|TwinCAT CE7 (ARMV7)
		{A26D8B6F-FD86-4D01-8D12-0831B2EC6FB0}.Debug|TwinCAT RT (x64).ActiveCfg = Debug|TwinCAT RT (x64)
		{A26D8B6F-FD86-4D01-8D12-0831B2EC6FB0}.Debug|TwinCAT RT (x64).Build.0 = Debug|TwinCAT RT (x64)
		{A26D8B6F-FD86-4D01-8D12-0831B2EC6FB0}.Debug|TwinCAT RT (x86).ActiveCfg = Debug|TwinCAT RT (x86)
		{A26D8B6F-FD86-4D01-8D12-0831B2EC6FB0}.Debug|TwinCAT RT (x86).Build.0 = Debug|TwinCAT RT (x86)
		{A26D8B6F-FD86-4D01-8D12-0831B2EC6FB0}.Release|TwinCAT CE7 (ARMV7).ActiveCfg = Release|TwinCAT CE7 (ARMV7)
		{A26D8B6F-FD86-4D01-8D12-0831B2EC6FB0}.Release|TwinCAT CE7 (ARMV7).Build.0 = Release|TwinCAT CE7 (ARMV7)
		{A26D8B6F-FD86-4D01-8D12-0831B2EC6FB0}.Release|TwinCAT RT (x64).ActiveCfg = Release|TwinCAT RT (x64)
		{A26D8B6F-FD86-4D01-8D12-0831B2EC6FB0}.Release|TwinCAT RT (x64).Build.0 = Release|TwinCAT RT (x64)
		{A26D8B6F-FD86-4D01-8D12-0831B2EC6FB0}.Release|TwinCAT RT (x86).ActiveCfg = Release|TwinCAT RT (x86)
		{A26D8B6F-FD86-4D01-8D12-0831B2EC6FB0}.Release|TwinCAT RT (x86).Build.0 = Release|TwinCAT RT (x86)
	EndGlobalSection
	GlobalSection(SolutionProperties) = preSolution
		HideSolutionNode = FALSE
	EndGlobalSection
EndGlobal
